
Microsoft Visual Studio Solution File, Format Version 12.00
# Visual Studio Version 17
VisualStudioVersion = 17.11.35222.181
MinimumVisualStudioVersion = 10.0.40219.1
Project("{FAE04EC0-301F-11D3-BF4B-00C04F79EFBC}") = "Prague uppgift", "Prague uppgift\Prague uppgift.csproj", "{F76F697B-9AC7-420E-940E-E0CDF2CF74AA}"
EndProject
Global
	GlobalSection(SolutionConfigurationPlatforms) = preSolution
		Debug|Any CPU = Debug|Any CPU
		Release|Any CPU = Release|Any CPU
	EndGlobalSection
	GlobalSection(ProjectConfigurationPlatforms) = postSolution
		{F76F697B-9AC7-420E-940E-E0CDF2CF74AA}.Debug|Any CPU.ActiveCfg = Debug|Any CPU
		{F76F697B-9AC7-420E-940E-E0CDF2CF74AA}.Debug|Any CPU.Build.0 = Debug|Any CPU
		{F76F697B-9AC7-420E-940E-E0CDF2CF74AA}.Release|Any CPU.ActiveCfg = Release|Any CPU
		{F76F697B-9AC7-420E-940E-E0CDF2CF74AA}.Release|Any CPU.Build.0 = Release|Any CPU
	EndGlobalSection
	GlobalSection(SolutionProperties) = preSolution
		HideSolutionNode = FALSE
	EndGlobalSection
	GlobalSection(ExtensibilityGlobals) = postSolution
		SolutionGuid = {C7672844-7259-4780-A74F-608AC7033245}
	EndGlobalSection
EndGlobal
